{
  "name": "ethereum-boilerplate",
  "version": "0.1.0",
  "lockfileVersion": 1,
  "requires": true,
  "dependencies": {
    "@openzeppelin/contracts": {
      "version": "4.4.1",
      "resolved": "https://registry.npmjs.org/@openzeppelin/contracts/-/contracts-4.4.1.tgz",
      "integrity": "sha512-o+pHCf/yMLSlV5MkDQEzEQL402i6SoRnktru+0rdSxVEFZcTzzGhZCAtZjUFyKGazMSv1TilzMg+RbED1N8XHQ=="
    },
    "yarn": {
      "version": "1.22.17",
      "resolved": "https://registry.npmjs.org/yarn/-/yarn-1.22.17.tgz",
      "integrity": "sha512-H0p241BXaH0UN9IeH//RT82tl5PfNraVpSpEoW+ET7lmopNC61eZ+A+IDvU8FM6Go5vx162SncDL8J1ZjRBriQ=="
    }
  }
}
